
Microsoft Visual Studio Solution File, Format Version 12.00
# Visual Studio Version 16
VisualStudioVersion = 16.0.31729.503
MinimumVisualStudioVersion = 10.0.40219.1
Project("{FAE04EC0-301F-11D3-BF4B-00C04F79EFBC}") = "EduApi", "EduApi\EduApi.csproj", "{C15134B1-AFD1-4619-AD23-34DDD0C9812C}"
EndProject
Project("{FAE04EC0-301F-11D3-BF4B-00C04F79EFBC}") = "EduCore", "EduCore\EduCore.csproj", "{3E649CD5-1BBC-4DD5-85D8-B1643714B221}"
EndProject
Project("{FAE04EC0-301F-11D3-BF4B-00C04F79EFBC}") = "EduInfrastructure", "EduInfrastructure\EduInfrastructure.csproj", "{9F251B36-FC53-489A-9C90-DFF1C73A209F}"
EndProject
Global
	GlobalSection(SolutionConfigurationPlatforms) = preSolution
		Debug|Any CPU = Debug|Any CPU
		Release|Any CPU = Release|Any CPU
	EndGlobalSection
	GlobalSection(ProjectConfigurationPlatforms) = postSolution
		{C15134B1-AFD1-4619-AD23-34DDD0C9812C}.Debug|Any CPU.ActiveCfg = Debug|Any CPU
		{C15134B1-AFD1-4619-AD23-34DDD0C9812C}.Debug|Any CPU.Build.0 = Debug|Any CPU
		{C15134B1-AFD1-4619-AD23-34DDD0C9812C}.Release|Any CPU.ActiveCfg = Release|Any CPU
		{C15134B1-AFD1-4619-AD23-34DDD0C9812C}.Release|Any CPU.Build.0 = Release|Any CPU
		{3E649CD5-1BBC-4DD5-85D8-B1643714B221}.Debug|Any CPU.ActiveCfg = Debug|Any CPU
		{3E649CD5-1BBC-4DD5-85D8-B1643714B221}.Debug|Any CPU.Build.0 = Debug|Any CPU
		{3E649CD5-1BBC-4DD5-85D8-B1643714B221}.Release|Any CPU.ActiveCfg = Release|Any CPU
		{3E649CD5-1BBC-4DD5-85D8-B1643714B221}.Release|Any CPU.Build.0 = Release|Any CPU
		{9F251B36-FC53-489A-9C90-DFF1C73A209F}.Debug|Any CPU.ActiveCfg = Debug|Any CPU
		{9F251B36-FC53-489A-9C90-DFF1C73A209F}.Debug|Any CPU.Build.0 = Debug|Any CPU
		{9F251B36-FC53-489A-9C90-DFF1C73A209F}.Release|Any CPU.ActiveCfg = Release|Any CPU
		{9F251B36-FC53-489A-9C90-DFF1C73A209F}.Release|Any CPU.Build.0 = Release|Any CPU
	EndGlobalSection
	GlobalSection(SolutionProperties) = preSolution
		HideSolutionNode = FALSE
	EndGlobalSection
	GlobalSection(ExtensibilityGlobals) = postSolution
		SolutionGuid = {A02669DB-0339-4078-9EF0-F3269A534DE2}
	EndGlobalSection
EndGlobal
